
Microsoft Visual Studio Solution File, Format Version 12.00
# Visual Studio 15
VisualStudioVersion = 15.0.28307.271
MinimumVisualStudioVersion = 10.0.40219.1
Project("{FAE04EC0-301F-11D3-BF4B-00C04F79EFBC}") = "ConsoleApp1", "ConsoleApp1\ConsoleApp1.csproj", "{05F6A3E1-1250-4540-B767-C0B85A19E4FB}"
EndProject
Global
	GlobalSection(SolutionConfigurationPlatforms) = preSolution
		Debug|Any CPU = Debug|Any CPU
		Release|Any CPU = Release|Any CPU
	EndGlobalSection
	GlobalSection(ProjectConfigurationPlatforms) = postSolution
		{05F6A3E1-1250-4540-B767-C0B85A19E4FB}.Debug|Any CPU.ActiveCfg = Debug|Any CPU
		{05F6A3E1-1250-4540-B767-C0B85A19E4FB}.Debug|Any CPU.Build.0 = Debug|Any CPU
		{05F6A3E1-1250-4540-B767-C0B85A19E4FB}.Release|Any CPU.ActiveCfg = Release|Any CPU
		{05F6A3E1-1250-4540-B767-C0B85A19E4FB}.Release|Any CPU.Build.0 = Release|Any CPU
	EndGlobalSection
	GlobalSection(SolutionProperties) = preSolution
		HideSolutionNode = FALSE
	EndGlobalSection
	GlobalSection(ExtensibilityGlobals) = postSolution
		SolutionGuid = {C8347CA5-C677-4A09-9262-72F8B9B2C678}
	EndGlobalSection
EndGlobal
